
Microsoft Visual Studio Solution File, Format Version 12.00
# Visual Studio Version 16
VisualStudioVersion = 16.0.30711.63
MinimumVisualStudioVersion = 10.0.40219.1
Project("{FAE04EC0-301F-11D3-BF4B-00C04F79EFBC}") = "Web", "Web\Web.csproj", "{C098E231-E416-4143-B111-5D2B90FC9B7B}"
EndProject
Project("{FAE04EC0-301F-11D3-BF4B-00C04F79EFBC}") = "ApplicationCore", "ApplicationCore\ApplicationCore.csproj", "{BC072715-3F95-4A85-8496-44ADE811E4C6}"
EndProject
Project("{FAE04EC0-301F-11D3-BF4B-00C04F79EFBC}") = "Infraestructure", "Infraestructure\Infraestructure.csproj", "{8BC409C4-A428-4EF5-91A8-A2E801CC7FBD}"
EndProject
Global
	GlobalSection(SolutionConfigurationPlatforms) = preSolution
		Debug|Any CPU = Debug|Any CPU
		Release|Any CPU = Release|Any CPU
	EndGlobalSection
	GlobalSection(ProjectConfigurationPlatforms) = postSolution
		{C098E231-E416-4143-B111-5D2B90FC9B7B}.Debug|Any CPU.ActiveCfg = Debug|Any CPU
		{C098E231-E416-4143-B111-5D2B90FC9B7B}.Debug|Any CPU.Build.0 = Debug|Any CPU
		{C098E231-E416-4143-B111-5D2B90FC9B7B}.Release|Any CPU.ActiveCfg = Release|Any CPU
		{C098E231-E416-4143-B111-5D2B90FC9B7B}.Release|Any CPU.Build.0 = Release|Any CPU
		{BC072715-3F95-4A85-8496-44ADE811E4C6}.Debug|Any CPU.ActiveCfg = Debug|Any CPU
		{BC072715-3F95-4A85-8496-44ADE811E4C6}.Debug|Any CPU.Build.0 = Debug|Any CPU
		{BC072715-3F95-4A85-8496-44ADE811E4C6}.Release|Any CPU.ActiveCfg = Release|Any CPU
		{BC072715-3F95-4A85-8496-44ADE811E4C6}.Release|Any CPU.Build.0 = Release|Any CPU
		{8BC409C4-A428-4EF5-91A8-A2E801CC7FBD}.Debug|Any CPU.ActiveCfg = Debug|Any CPU
		{8BC409C4-A428-4EF5-91A8-A2E801CC7FBD}.Debug|Any CPU.Build.0 = Debug|Any CPU
		{8BC409C4-A428-4EF5-91A8-A2E801CC7FBD}.Release|Any CPU.ActiveCfg = Release|Any CPU
		{8BC409C4-A428-4EF5-91A8-A2E801CC7FBD}.Release|Any CPU.Build.0 = Release|Any CPU
	EndGlobalSection
	GlobalSection(SolutionProperties) = preSolution
		HideSolutionNode = FALSE
	EndGlobalSection
	GlobalSection(ExtensibilityGlobals) = postSolution
		SolutionGuid = {6A5BBAF6-3AD4-4C3F-859E-9831E0A110D2}
	EndGlobalSection
EndGlobal
